
Microsoft Visual Studio Solution File, Format Version 12.00
# Visual Studio 14
VisualStudioVersion = 14.0.25420.1
MinimumVisualStudioVersion = 10.0.40219.1
Project("{FAE04EC0-301F-11D3-BF4B-00C04F79EFBC}") = "SWPPFY", "SWPPFY\SWPPFY.csproj", "{A2D04749-27A1-42B1-8245-C6F16F34A394}"
EndProject
Project("{FAE04EC0-301F-11D3-BF4B-00C04F79EFBC}") = "SOLICPricpls", "SOLICPricpls\SOLICPricpls.csproj", "{BEB5E484-3F99-486B-9E3B-02528918A3D2}"
EndProject
Global
	GlobalSection(SolutionConfigurationPlatforms) = preSolution
		Debug|Any CPU = Debug|Any CPU
		Release|Any CPU = Release|Any CPU
	EndGlobalSection
	GlobalSection(ProjectConfigurationPlatforms) = postSolution
		{A2D04749-27A1-42B1-8245-C6F16F34A394}.Debug|Any CPU.ActiveCfg = Debug|Any CPU
		{A2D04749-27A1-42B1-8245-C6F16F34A394}.Debug|Any CPU.Build.0 = Debug|Any CPU
		{A2D04749-27A1-42B1-8245-C6F16F34A394}.Release|Any CPU.ActiveCfg = Release|Any CPU
		{A2D04749-27A1-42B1-8245-C6F16F34A394}.Release|Any CPU.Build.0 = Release|Any CPU
		{BEB5E484-3F99-486B-9E3B-02528918A3D2}.Debug|Any CPU.ActiveCfg = Debug|Any CPU
		{BEB5E484-3F99-486B-9E3B-02528918A3D2}.Debug|Any CPU.Build.0 = Debug|Any CPU
		{BEB5E484-3F99-486B-9E3B-02528918A3D2}.Release|Any CPU.ActiveCfg = Release|Any CPU
		{BEB5E484-3F99-486B-9E3B-02528918A3D2}.Release|Any CPU.Build.0 = Release|Any CPU
	EndGlobalSection
	GlobalSection(SolutionProperties) = preSolution
		HideSolutionNode = FALSE
	EndGlobalSection
EndGlobal
